
Microsoft Visual Studio Solution File, Format Version 12.00
# Visual Studio Version 17
VisualStudioVersion = 17.6.33723.286
MinimumVisualStudioVersion = 10.0.40219.1
Project("{FAE04EC0-301F-11D3-BF4B-00C04F79EFBC}") = "MyLeasing.Web", "MyLeasing.Web\MyLeasing.Web.csproj", "{CE511332-3A49-4406-B98A-F03A4B1CF09E}"
EndProject
Project("{FAE04EC0-301F-11D3-BF4B-00C04F79EFBC}") = "MyLeasing.Common", "MyLeasing.Common\MyLeasing.Common.csproj", "{45F0055C-C168-4331-BECD-77E3E0988613}"
	ProjectSection(ProjectDependencies) = postProject
		{CE511332-3A49-4406-B98A-F03A4B1CF09E} = {CE511332-3A49-4406-B98A-F03A4B1CF09E}
	EndProjectSection
EndProject
Global
	GlobalSection(SolutionConfigurationPlatforms) = preSolution
		Debug|Any CPU = Debug|Any CPU
		Release|Any CPU = Release|Any CPU
	EndGlobalSection
	GlobalSection(ProjectConfigurationPlatforms) = postSolution
		{CE511332-3A49-4406-B98A-F03A4B1CF09E}.Debug|Any CPU.ActiveCfg = Debug|Any CPU
		{CE511332-3A49-4406-B98A-F03A4B1CF09E}.Debug|Any CPU.Build.0 = Debug|Any CPU
		{CE511332-3A49-4406-B98A-F03A4B1CF09E}.Release|Any CPU.ActiveCfg = Release|Any CPU
		{CE511332-3A49-4406-B98A-F03A4B1CF09E}.Release|Any CPU.Build.0 = Release|Any CPU
		{45F0055C-C168-4331-BECD-77E3E0988613}.Debug|Any CPU.ActiveCfg = Debug|Any CPU
		{45F0055C-C168-4331-BECD-77E3E0988613}.Debug|Any CPU.Build.0 = Debug|Any CPU
		{45F0055C-C168-4331-BECD-77E3E0988613}.Release|Any CPU.ActiveCfg = Release|Any CPU
		{45F0055C-C168-4331-BECD-77E3E0988613}.Release|Any CPU.Build.0 = Release|Any CPU
	EndGlobalSection
	GlobalSection(SolutionProperties) = preSolution
		HideSolutionNode = FALSE
	EndGlobalSection
	GlobalSection(ExtensibilityGlobals) = postSolution
		SolutionGuid = {AC6DBEA5-79C4-4600-AA6C-D95777127BE5}
	EndGlobalSection
EndGlobal
